Microsoft Visual Studio Solution File, Format Version 10.00
# Visual Studio 2008
Project("{8BC9CEB8-8B4A-11D0-8D11-00A0C91BC942}") = "testComp", "testComp_vc9.vcproj", "{B1528085-2C78-11DD-A35D-000C293EAA8A}"
	ProjectSection(ProjectDependencies) = postProject
	EndProjectSection
EndProject
Project("{8BC9CEB8-8B4A-11D0-8D11-00A0C91BC942}") = "test", "test_vc9.vcproj", "{B167F43A-2C78-11DD-93C9-000C293EAA8A}"
	ProjectSection(ProjectDependencies) = postProject
	EndProjectSection
EndProject
Global
	GlobalSection(SolutionConfigurationPlatforms) = preSolution
		Release|Win32 = Release|Win32
		Debug|Win32 = Debug|Win32
	EndGlobalSection
	GlobalSection(ProjectConfigurationPlatforms) = postSolution
		{B1528085-2C78-11DD-A35D-000C293EAA8A}.Release|Win32.ActiveCfg = Release|Win32
		{B1528085-2C78-11DD-A35D-000C293EAA8A}.Release|Win32.Build.0   = Release|Win32
		{B1528085-2C78-11DD-A35D-000C293EAA8A}.Debug|Win32.ActiveCfg = Debug|Win32
		{B1528085-2C78-11DD-A35D-000C293EAA8A}.Debug|Win32.Build.0   = Debug|Win32
		{B167F43A-2C78-11DD-93C9-000C293EAA8A}.Release|Win32.ActiveCfg = Release|Win32
		{B167F43A-2C78-11DD-93C9-000C293EAA8A}.Release|Win32.Build.0   = Release|Win32
		{B167F43A-2C78-11DD-93C9-000C293EAA8A}.Debug|Win32.ActiveCfg = Debug|Win32
		{B167F43A-2C78-11DD-93C9-000C293EAA8A}.Debug|Win32.Build.0   = Debug|Win32
	EndGlobalSection
	GlobalSection(SolutionProperties) = preSolution
		HideSolutionNode = FALSE
	EndGlobalSection
EndGlobal
